
Microsoft Visual Studio Solution File, Format Version 12.00
# Visual Studio Version 17
VisualStudioVersion = 17.11.34929.205
MinimumVisualStudioVersion = 10.0.40219.1
Project("{FAE04EC0-301F-11D3-BF4B-00C04F79EFBC}") = "ImoSilverlightApp", "Imo\ImoSilverlightApp.csproj", "{7856522D-0AD3-461B-9CB2-3D1AEDF4144E}"
EndProject
Project("{FAE04EC0-301F-11D3-BF4B-00C04F79EFBC}") = "ImoSilverlightApp.Agents", "ImoSilverlightApp.Agents\ImoSilverlightApp.Agents.csproj", "{C17998B5-C225-4E1F-A5F9-1272CEC8A1B5}"
EndProject
Project("{FAE04EC0-301F-11D3-BF4B-00C04F79EFBC}") = "MacawRT", "MacawRT\MacawRT.csproj", "{63043C23-2506-4FD5-90C1-20F23D6F0EE6}"
EndProject
Project("{FAE04EC0-301F-11D3-BF4B-00C04F79EFBC}") = "Coding4Fun.Toolkit", "Coding4Fun.Toolkit\Coding4Fun.Toolkit.csproj", "{F60B31D3-1359-4776-8797-3E4149BB56CC}"
EndProject
Project("{FAE04EC0-301F-11D3-BF4B-00C04F79EFBC}") = "Coding4Fun.Toolkit.Controls", "Coding4Fun.Toolkit.Controls\Coding4Fun.Toolkit.Controls.csproj", "{C087E02F-7C4E-4423-A176-D125AE8F696A}"
EndProject
Project("{FAE04EC0-301F-11D3-BF4B-00C04F79EFBC}") = "Ionic.ZLib", "Ionic.ZLib\Ionic.ZLib.csproj", "{70397DD8-B95E-4491-84AD-66A2E2C6F8F1}"
EndProject
Global
	GlobalSection(SolutionConfigurationPlatforms) = preSolution
		Debug|Any CPU = Debug|Any CPU
		Debug|ARM = Debug|ARM
		Debug|ARM64 = Debug|ARM64
		Debug|x64 = Debug|x64
		Debug|x86 = Debug|x86
		Release|Any CPU = Release|Any CPU
		Release|ARM = Release|ARM
		Release|ARM64 = Release|ARM64
		Release|x64 = Release|x64
		Release|x86 = Release|x86
	EndGlobalSection
	GlobalSection(ProjectConfigurationPlatforms) = postSolution
		{7856522D-0AD3-461B-9CB2-3D1AEDF4144E}.Debug|Any CPU.ActiveCfg = Debug|x64
		{7856522D-0AD3-461B-9CB2-3D1AEDF4144E}.Debug|Any CPU.Build.0 = Debug|x64
		{7856522D-0AD3-461B-9CB2-3D1AEDF4144E}.Debug|Any CPU.Deploy.0 = Debug|x64
		{7856522D-0AD3-461B-9CB2-3D1AEDF4144E}.Debug|ARM.ActiveCfg = Debug|ARM
		{7856522D-0AD3-461B-9CB2-3D1AEDF4144E}.Debug|ARM.Build.0 = Debug|ARM
		{7856522D-0AD3-461B-9CB2-3D1AEDF4144E}.Debug|ARM.Deploy.0 = Debug|ARM
		{7856522D-0AD3-461B-9CB2-3D1AEDF4144E}.Debug|ARM64.ActiveCfg = Debug|ARM64
		{7856522D-0AD3-461B-9CB2-3D1AEDF4144E}.Debug|ARM64.Build.0 = Debug|ARM64
		{7856522D-0AD3-461B-9CB2-3D1AEDF4144E}.Debug|ARM64.Deploy.0 = Debug|ARM64
		{7856522D-0AD3-461B-9CB2-3D1AEDF4144E}.Debug|x64.ActiveCfg = Debug|x64
		{7856522D-0AD3-461B-9CB2-3D1AEDF4144E}.Debug|x64.Build.0 = Debug|x64
		{7856522D-0AD3-461B-9CB2-3D1AEDF4144E}.Debug|x64.Deploy.0 = Debug|x64
		{7856522D-0AD3-461B-9CB2-3D1AEDF4144E}.Debug|x86.ActiveCfg = Debug|x86
		{7856522D-0AD3-461B-9CB2-3D1AEDF4144E}.Debug|x86.Build.0 = Debug|x86
		{7856522D-0AD3-461B-9CB2-3D1AEDF4144E}.Debug|x86.Deploy.0 = Debug|x86
		{7856522D-0AD3-461B-9CB2-3D1AEDF4144E}.Release|Any CPU.ActiveCfg = Release|x64
		{7856522D-0AD3-461B-9CB2-3D1AEDF4144E}.Release|Any CPU.Build.0 = Release|x64
		{7856522D-0AD3-461B-9CB2-3D1AEDF4144E}.Release|Any CPU.Deploy.0 = Release|x64
		{7856522D-0AD3-461B-9CB2-3D1AEDF4144E}.Release|ARM.ActiveCfg = Release|ARM
		{7856522D-0AD3-461B-9CB2-3D1AEDF4144E}.Release|ARM.Build.0 = Release|ARM
		{7856522D-0AD3-461B-9CB2-3D1AEDF4144E}.Release|ARM.Deploy.0 = Release|ARM
		{7856522D-0AD3-461B-9CB2-3D1AEDF4144E}.Release|ARM64.ActiveCfg = Release|ARM64
		{7856522D-0AD3-461B-9CB2-3D1AEDF4144E}.Release|ARM64.Build.0 = Release|ARM64
		{7856522D-0AD3-461B-9CB2-3D1AEDF4144E}.Release|ARM64.Deploy.0 = Release|ARM64
		{7856522D-0AD3-461B-9CB2-3D1AEDF4144E}.Release|x64.ActiveCfg = Release|x64
		{7856522D-0AD3-461B-9CB2-3D1AEDF4144E}.Release|x64.Build.0 = Release|x64
		{7856522D-0AD3-461B-9CB2-3D1AEDF4144E}.Release|x64.Deploy.0 = Release|x64
		{7856522D-0AD3-461B-9CB2-3D1AEDF4144E}.Release|x86.ActiveCfg = Release|x86
		{7856522D-0AD3-461B-9CB2-3D1AEDF4144E}.Release|x86.Build.0 = Release|x86
		{7856522D-0AD3-461B-9CB2-3D1AEDF4144E}.Release|x86.Deploy.0 = Release|x86
		{C17998B5-C225-4E1F-A5F9-1272CEC8A1B5}.Debug|Any CPU.ActiveCfg = Debug|Any CPU
		{C17998B5-C225-4E1F-A5F9-1272CEC8A1B5}.Debug|Any CPU.Build.0 = Debug|Any CPU
		{C17998B5-C225-4E1F-A5F9-1272CEC8A1B5}.Debug|ARM.ActiveCfg = Debug|ARM
		{C17998B5-C225-4E1F-A5F9-1272CEC8A1B5}.Debug|ARM.Build.0 = Debug|ARM
		{C17998B5-C225-4E1F-A5F9-1272CEC8A1B5}.Debug|ARM64.ActiveCfg = Debug|ARM64
		{C17998B5-C225-4E1F-A5F9-1272CEC8A1B5}.Debug|ARM64.Build.0 = Debug|ARM64
		{C17998B5-C225-4E1F-A5F9-1272CEC8A1B5}.Debug|x64.ActiveCfg = Debug|x64
		{C17998B5-C225-4E1F-A5F9-1272CEC8A1B5}.Debug|x64.Build.0 = Debug|x64
		{C17998B5-C225-4E1F-A5F9-1272CEC8A1B5}.Debug|x86.ActiveCfg = Debug|x86
		{C17998B5-C225-4E1F-A5F9-1272CEC8A1B5}.Debug|x86.Build.0 = Debug|x86
		{C17998B5-C225-4E1F-A5F9-1272CEC8A1B5}.Release|Any CPU.ActiveCfg = Release|Any CPU
		{C17998B5-C225-4E1F-A5F9-1272CEC8A1B5}.Release|Any CPU.Build.0 = Release|Any CPU
		{C17998B5-C225-4E1F-A5F9-1272CEC8A1B5}.Release|ARM.ActiveCfg = Release|ARM
		{C17998B5-C225-4E1F-A5F9-1272CEC8A1B5}.Release|ARM.Build.0 = Release|ARM
		{C17998B5-C225-4E1F-A5F9-1272CEC8A1B5}.Release|ARM64.ActiveCfg = Release|ARM64
		{C17998B5-C225-4E1F-A5F9-1272CEC8A1B5}.Release|ARM64.Build.0 = Release|ARM64
		{C17998B5-C225-4E1F-A5F9-1272CEC8A1B5}.Release|x64.ActiveCfg = Release|x64
		{C17998B5-C225-4E1F-A5F9-1272CEC8A1B5}.Release|x64.Build.0 = Release|x64
		{C17998B5-C225-4E1F-A5F9-1272CEC8A1B5}.Release|x86.ActiveCfg = Release|x86
		{C17998B5-C225-4E1F-A5F9-1272CEC8A1B5}.Release|x86.Build.0 = Release|x86
		{63043C23-2506-4FD5-90C1-20F23D6F0EE6}.Debug|Any CPU.ActiveCfg = Debug|Any CPU
		{63043C23-2506-4FD5-90C1-20F23D6F0EE6}.Debug|Any CPU.Build.0 = Debug|Any CPU
		{63043C23-2506-4FD5-90C1-20F23D6F0EE6}.Debug|ARM.ActiveCfg = Debug|ARM
		{63043C23-2506-4FD5-90C1-20F23D6F0EE6}.Debug|ARM.Build.0 = Debug|ARM
		{63043C23-2506-4FD5-90C1-20F23D6F0EE6}.Debug|ARM64.ActiveCfg = Debug|ARM64
		{63043C23-2506-4FD5-90C1-20F23D6F0EE6}.Debug|ARM64.Build.0 = Debug|ARM64
		{63043C23-2506-4FD5-90C1-20F23D6F0EE6}.Debug|x64.ActiveCfg = Debug|x64
		{63043C23-2506-4FD5-90C1-20F23D6F0EE6}.Debug|x64.Build.0 = Debug|x64
		{63043C23-2506-4FD5-90C1-20F23D6F0EE6}.Debug|x86.ActiveCfg = Debug|x86
		{63043C23-2506-4FD5-90C1-20F23D6F0EE6}.Debug|x86.Build.0 = Debug|x86
		{63043C23-2506-4FD5-90C1-20F23D6F0EE6}.Release|Any CPU.ActiveCfg = Release|Any CPU
		{63043C23-2506-4FD5-90C1-20F23D6F0EE6}.Release|Any CPU.Build.0 = Release|Any CPU
		{63043C23-2506-4FD5-90C1-20F23D6F0EE6}.Release|ARM.ActiveCfg = Release|ARM
		{63043C23-2506-4FD5-90C1-20F23D6F0EE6}.Release|ARM.Build.0 = Release|ARM
		{63043C23-2506-4FD5-90C1-20F23D6F0EE6}.Release|ARM64.ActiveCfg = Release|ARM64
		{63043C23-2506-4FD5-90C1-20F23D6F0EE6}.Release|ARM64.Build.0 = Release|ARM64
		{63043C23-2506-4FD5-90C1-20F23D6F0EE6}.Release|x64.ActiveCfg = Release|x64
		{63043C23-2506-4FD5-90C1-20F23D6F0EE6}.Release|x64.Build.0 = Release|x64
		{63043C23-2506-4FD5-90C1-20F23D6F0EE6}.Release|x86.ActiveCfg = Release|x86
		{63043C23-2506-4FD5-90C1-20F23D6F0EE6}.Release|x86.Build.0 = Release|x86
		{F60B31D3-1359-4776-8797-3E4149BB56CC}.Debug|Any CPU.ActiveCfg = Debug|Any CPU
		{F60B31D3-1359-4776-8797-3E4149BB56CC}.Debug|Any CPU.Build.0 = Debug|Any CPU
		{F60B31D3-1359-4776-8797-3E4149BB56CC}.Debug|ARM.ActiveCfg = Debug|ARM
		{F60B31D3-1359-4776-8797-3E4149BB56CC}.Debug|ARM.Build.0 = Debug|ARM
		{F60B31D3-1359-4776-8797-3E4149BB56CC}.Debug|ARM64.ActiveCfg = Debug|ARM64
		{F60B31D3-1359-4776-8797-3E4149BB56CC}.Debug|ARM64.Build.0 = Debug|ARM64
		{F60B31D3-1359-4776-8797-3E4149BB56CC}.Debug|x64.ActiveCfg = Debug|x64
		{F60B31D3-1359-4776-8797-3E4149BB56CC}.Debug|x64.Build.0 = Debug|x64
		{F60B31D3-1359-4776-8797-3E4149BB56CC}.Debug|x86.ActiveCfg = Debug|x86
		{F60B31D3-1359-4776-8797-3E4149BB56CC}.Debug|x86.Build.0 = Debug|x86
		{F60B31D3-1359-4776-8797-3E4149BB56CC}.Release|Any CPU.ActiveCfg = Release|Any CPU
		{F60B31D3-1359-4776-8797-3E4149BB56CC}.Release|Any CPU.Build.0 = Release|Any CPU
		{F60B31D3-1359-4776-8797-3E4149BB56CC}.Release|ARM.ActiveCfg = Release|ARM
		{F60B31D3-1359-4776-8797-3E4149BB56CC}.Release|ARM.Build.0 = Release|ARM
		{F60B31D3-1359-4776-8797-3E4149BB56CC}.Release|ARM64.ActiveCfg = Release|ARM64
		{F60B31D3-1359-4776-8797-3E4149BB56CC}.Release|ARM64.Build.0 = Release|ARM64
		{F60B31D3-1359-4776-8797-3E4149BB56CC}.Release|x64.ActiveCfg = Release|x64
		{F60B31D3-1359-4776-8797-3E4149BB56CC}.Release|x64.Build.0 = Release|x64
		{F60B31D3-1359-4776-8797-3E4149BB56CC}.Release|x86.ActiveCfg = Release|x86
		{F60B31D3-1359-4776-8797-3E4149BB56CC}.Release|x86.Build.0 = Release|x86
		{C087E02F-7C4E-4423-A176-D125AE8F696A}.Debug|Any CPU.ActiveCfg = Debug|Any CPU
		{C087E02F-7C4E-4423-A176-D125AE8F696A}.Debug|Any CPU.Build.0 = Debug|Any CPU
		{C087E02F-7C4E-4423-A176-D125AE8F696A}.Debug|ARM.ActiveCfg = Debug|ARM
		{C087E02F-7C4E-4423-A176-D125AE8F696A}.Debug|ARM.Build.0 = Debug|ARM
		{C087E02F-7C4E-4423-A176-D125AE8F696A}.Debug|ARM64.ActiveCfg = Debug|ARM64
		{C087E02F-7C4E-4423-A176-D125AE8F696A}.Debug|ARM64.Build.0 = Debug|ARM64
		{C087E02F-7C4E-4423-A176-D125AE8F696A}.Debug|x64.ActiveCfg = Debug|x64
		{C087E02F-7C4E-4423-A176-D125AE8F696A}.Debug|x64.Build.0 = Debug|x64
		{C087E02F-7C4E-4423-A176-D125AE8F696A}.Debug|x86.ActiveCfg = Debug|x86
		{C087E02F-7C4E-4423-A176-D125AE8F696A}.Debug|x86.Build.0 = Debug|x86
		{C087E02F-7C4E-4423-A176-D125AE8F696A}.Release|Any CPU.ActiveCfg = Release|Any CPU
		{C087E02F-7C4E-4423-A176-D125AE8F696A}.Release|Any CPU.Build.0 = Release|Any CPU
		{C087E02F-7C4E-4423-A176-D125AE8F696A}.Release|ARM.ActiveCfg = Release|ARM
		{C087E02F-7C4E-4423-A176-D125AE8F696A}.Release|ARM.Build.0 = Release|ARM
		{C087E02F-7C4E-4423-A176-D125AE8F696A}.Release|ARM64.ActiveCfg = Release|ARM64
		{C087E02F-7C4E-4423-A176-D125AE8F696A}.Release|ARM64.Build.0 = Release|ARM64
		{C087E02F-7C4E-4423-A176-D125AE8F696A}.Release|x64.ActiveCfg = Release|x64
		{C087E02F-7C4E-4423-A176-D125AE8F696A}.Release|x64.Build.0 = Release|x64
		{C087E02F-7C4E-4423-A176-D125AE8F696A}.Release|x86.ActiveCfg = Release|x86
		{C087E02F-7C4E-4423-A176-D125AE8F696A}.Release|x86.Build.0 = Release|x86
		{70397DD8-B95E-4491-84AD-66A2E2C6F8F1}.Debug|Any CPU.ActiveCfg = Debug|Any CPU
		{70397DD8-B95E-4491-84AD-66A2E2C6F8F1}.Debug|Any CPU.Build.0 = Debug|Any CPU
		{70397DD8-B95E-4491-84AD-66A2E2C6F8F1}.Debug|ARM.ActiveCfg = Debug|ARM
		{70397DD8-B95E-4491-84AD-66A2E2C6F8F1}.Debug|ARM.Build.0 = Debug|ARM
		{70397DD8-B95E-4491-84AD-66A2E2C6F8F1}.Debug|ARM64.ActiveCfg = Debug|ARM64
		{70397DD8-B95E-4491-84AD-66A2E2C6F8F1}.Debug|ARM64.Build.0 = Debug|ARM64
		{70397DD8-B95E-4491-84AD-66A2E2C6F8F1}.Debug|x64.ActiveCfg = Debug|x64
		{70397DD8-B95E-4491-84AD-66A2E2C6F8F1}.Debug|x64.Build.0 = Debug|x64
		{70397DD8-B95E-4491-84AD-66A2E2C6F8F1}.Debug|x86.ActiveCfg = Debug|x86
		{70397DD8-B95E-4491-84AD-66A2E2C6F8F1}.Debug|x86.Build.0 = Debug|x86
		{70397DD8-B95E-4491-84AD-66A2E2C6F8F1}.Release|Any CPU.ActiveCfg = Release|Any CPU
		{70397DD8-B95E-4491-84AD-66A2E2C6F8F1}.Release|Any CPU.Build.0 = Release|Any CPU
		{70397DD8-B95E-4491-84AD-66A2E2C6F8F1}.Release|ARM.ActiveCfg = Release|ARM
		{70397DD8-B95E-4491-84AD-66A2E2C6F8F1}.Release|ARM.Build.0 = Release|ARM
		{70397DD8-B95E-4491-84AD-66A2E2C6F8F1}.Release|ARM64.ActiveCfg = Release|ARM64
		{70397DD8-B95E-4491-84AD-66A2E2C6F8F1}.Release|ARM64.Build.0 = Release|ARM64
		{70397DD8-B95E-4491-84AD-66A2E2C6F8F1}.Release|x64.ActiveCfg = Release|x64
		{70397DD8-B95E-4491-84AD-66A2E2C6F8F1}.Release|x64.Build.0 = Release|x64
		{70397DD8-B95E-4491-84AD-66A2E2C6F8F1}.Release|x86.ActiveCfg = Release|x86
		{70397DD8-B95E-4491-84AD-66A2E2C6F8F1}.Release|x86.Build.0 = Release|x86
	EndGlobalSection
	GlobalSection(SolutionProperties) = preSolution
		HideSolutionNode = FALSE
	EndGlobalSection
	GlobalSection(ExtensibilityGlobals) = postSolution
		SolutionGuid = {AE49A3AF-0B49-47A7-A8B6-D2E01A22C4F4}
	EndGlobalSection
EndGlobal
